<?xml version="1.0" encoding="utf-8"?>
<Project ToolsVersion="4.0" xmlns="http://schemas.microsoft.com/developer/msbuild/2003">
  <ItemGroup>
    <Filter Include="소스 파일">
      <UniqueIdentifier>{4FC737F1-C7A5-4376-A066-2A32D752A2FF}</UniqueIdentifier>
      <Extensions>cpp;c;cc;cxx;def;odl;idl;hpj;bat;asm;asmx</Extensions>
    </Filter>
    <Filter Include="헤더 파일">
      <UniqueIdentifier>{93995380-89BD-4b04-88EB-625FBE52EBFB}</UniqueIdentifier>
      <Extensions>h;hh;hpp;hxx;hm;inl;inc;xsd</Extensions>
    </Filter>
    <Filter Include="리소스 파일">
      <UniqueIdentifier>{67DA6AB6-F800-4c08-8B7A-83BB121AAD01}</UniqueIdentifier>
      <Extensions>rc;ico;cur;bmp;dlg;rc2;rct;bin;rgs;gif;jpg;jpeg;jpe;resx;tiff;tif;png;wav;mfcribbon-ms</Extensions>
    </Filter>
  </ItemGroup>
  <ItemGroup>
    <Text Include="ReadMe.txt" />
  </ItemGroup>
  <ItemGroup>
    <ClInclude Include="stdafx.h">
      <Filter>헤더 파일</Filter>
    </ClInclude>
    <ClInclude Include="targetver.h">
      <Filter>헤더 파일</Filter>
    </ClInclude>
    <ClInclude Include="NaGeArc.h">
      <Filter>헤더 파일</Filter>
    </ClInclude>
    <ClInclude Include="NaGeAxisSystem.h">
      <Filter>헤더 파일</Filter>
    </ClInclude>
    <ClInclude Include="NaGeBasicSurface.h">
      <Filter>헤더 파일</Filter>
    </ClInclude>
    <ClInclude Include="NaGeBezierCurve.h">
      <Filter>헤더 파일</Filter>
    </ClInclude>
    <ClInclude Include="NaGeBoundingBox.h">
      <Filter>헤더 파일</Filter>
    </ClInclude>
    <ClInclude Include="NaGeBsp.h">
      <Filter>헤더 파일</Filter>
    </ClInclude>
    <ClInclude Include="NaGeBSplineCurve.h">
      <Filter>헤더 파일</Filter>
    </ClInclude>
    <ClInclude Include="NaGeCircle3D.h">
      <Filter>헤더 파일</Filter>
    </ClInclude>
    <ClInclude Include="NaGeCone.h">
      <Filter>헤더 파일</Filter>
    </ClInclude>
    <ClInclude Include="NaGeConic.h">
      <Filter>헤더 파일</Filter>
    </ClInclude>
    <ClInclude Include="NaGeCurve.h">
      <Filter>헤더 파일</Filter>
    </ClInclude>
    <ClInclude Include="NaGeCurve2D.h">
      <Filter>헤더 파일</Filter>
    </ClInclude>
    <ClInclude Include="NaGeCylinder.h">
      <Filter>헤더 파일</Filter>
    </ClInclude>
    <ClInclude Include="NaGeEllipse3D.h">
      <Filter>헤더 파일</Filter>
    </ClInclude>
    <ClInclude Include="NaGeExtrudedSurface.h">
      <Filter>헤더 파일</Filter>
    </ClInclude>
    <ClInclude Include="NaGeGeometry.h">
      <Filter>헤더 파일</Filter>
    </ClInclude>
    <ClInclude Include="NaGeGeometry2D.h">
      <Filter>헤더 파일</Filter>
    </ClInclude>
    <ClInclude Include="NaGeGeomException.h">
      <Filter>헤더 파일</Filter>
    </ClInclude>
    <ClInclude Include="NaGeHelix.h">
      <Filter>헤더 파일</Filter>
    </ClInclude>
    <ClInclude Include="NaGeHyperbola3D.h">
      <Filter>헤더 파일</Filter>
    </ClInclude>
    <ClInclude Include="NaGeLine2D.h">
      <Filter>헤더 파일</Filter>
    </ClInclude>
    <ClInclude Include="NaGeLine3D.h">
      <Filter>헤더 파일</Filter>
    </ClInclude>
    <ClInclude Include="ListException.h">
      <Filter>헤더 파일</Filter>
    </ClInclude>
    <ClInclude Include="NaGeMatrix22.h">
      <Filter>헤더 파일</Filter>
    </ClInclude>
    <ClInclude Include="NaGeMatrix33.h">
      <Filter>헤더 파일</Filter>
    </ClInclude>
    <ClInclude Include="NaGeMMath.h">
      <Filter>헤더 파일</Filter>
    </ClInclude>
    <ClInclude Include="NaGeObjTexture.h">
      <Filter>헤더 파일</Filter>
    </ClInclude>
    <ClInclude Include="NaGeOffsetCurve.h">
      <Filter>헤더 파일</Filter>
    </ClInclude>
    <ClInclude Include="NaGeOffsetSurface.h">
      <Filter>헤더 파일</Filter>
    </ClInclude>
    <ClInclude Include="NaGeOneAxis.h">
      <Filter>헤더 파일</Filter>
    </ClInclude>
    <ClInclude Include="NaGeOneAxis2D.h">
      <Filter>헤더 파일</Filter>
    </ClInclude>
    <ClInclude Include="NaGeParabola3D.h">
      <Filter>헤더 파일</Filter>
    </ClInclude>
    <ClInclude Include="NaGePCurve.h">
      <Filter>헤더 파일</Filter>
    </ClInclude>
    <ClInclude Include="NaGePipeSurface.h">
      <Filter>헤더 파일</Filter>
    </ClInclude>
    <ClInclude Include="NaGePlane.h">
      <Filter>헤더 파일</Filter>
    </ClInclude>
    <ClInclude Include="NaGePoint2D.h">
      <Filter>헤더 파일</Filter>
    </ClInclude>
    <ClInclude Include="NaGePoint3D.h">
      <Filter>헤더 파일</Filter>
    </ClInclude>
    <ClInclude Include="NaGeRevolvedSurface.h">
      <Filter>헤더 파일</Filter>
    </ClInclude>
    <ClInclude Include="NaGeRuledSurface.h">
      <Filter>헤더 파일</Filter>
    </ClInclude>
    <ClInclude Include="NaGeSphere.h">
      <Filter>헤더 파일</Filter>
    </ClInclude>
    <ClInclude Include="NaGeSurface.h">
      <Filter>헤더 파일</Filter>
    </ClInclude>
    <ClInclude Include="NaGeSweptSurface.h">
      <Filter>헤더 파일</Filter>
    </ClInclude>
    <ClInclude Include="NaGeTorus.h">
      <Filter>헤더 파일</Filter>
    </ClInclude>
    <ClInclude Include="NaGeTriangle.h">
      <Filter>헤더 파일</Filter>
    </ClInclude>
    <ClInclude Include="NaGeVector2D.h">
      <Filter>헤더 파일</Filter>
    </ClInclude>
    <ClInclude Include="NaGeVector3D.h">
      <Filter>헤더 파일</Filter>
    </ClInclude>
    <ClInclude Include="ListIteratorOfListOfPoint3D.h">
      <Filter>헤더 파일</Filter>
    </ClInclude>
    <ClInclude Include="ListIteratorOfListOfOneAxis.h">
      <Filter>헤더 파일</Filter>
    </ClInclude>
    <ClInclude Include="ListIteratorOfListOfTriangle.h">
      <Filter>헤더 파일</Filter>
    </ClInclude>
    <ClInclude Include="ListNodeOfOneAxis.h">
      <Filter>헤더 파일</Filter>
    </ClInclude>
    <ClInclude Include="ListNodeOfPoint3D.h">
      <Filter>헤더 파일</Filter>
    </ClInclude>
    <ClInclude Include="ListNodeOfTriangle.h">
      <Filter>헤더 파일</Filter>
    </ClInclude>
    <ClInclude Include="ListOfOneAxis.h">
      <Filter>헤더 파일</Filter>
    </ClInclude>
    <ClInclude Include="ListOfPoint3D.h">
      <Filter>헤더 파일</Filter>
    </ClInclude>
    <ClInclude Include="ListOfTriangle.h">
      <Filter>헤더 파일</Filter>
    </ClInclude>
  </ItemGroup>
  <ItemGroup>
    <ClCompile Include="stdafx.cpp">
      <Filter>소스 파일</Filter>
    </ClCompile>
    <ClCompile Include="NAKGe.cpp">
      <Filter>소스 파일</Filter>
    </ClCompile>
    <ClCompile Include="dllmain.cpp">
      <Filter>소스 파일</Filter>
    </ClCompile>
    <ClCompile Include="ListException.cpp">
      <Filter>소스 파일</Filter>
    </ClCompile>
    <ClCompile Include="NaGeArc.cpp">
      <Filter>소스 파일</Filter>
    </ClCompile>
    <ClCompile Include="NaGeAxisSystem.cpp">
      <Filter>소스 파일</Filter>
    </ClCompile>
    <ClCompile Include="NaGeBasicSurface.cpp">
      <Filter>소스 파일</Filter>
    </ClCompile>
    <ClCompile Include="NaGeBezierCurve.cpp">
      <Filter>소스 파일</Filter>
    </ClCompile>
    <ClCompile Include="NaGeBoundingBox.cpp">
      <Filter>소스 파일</Filter>
    </ClCompile>
    <ClCompile Include="NaGeBsp.cpp">
      <Filter>소스 파일</Filter>
    </ClCompile>
    <ClCompile Include="NaGeBSplineCurve.cpp">
      <Filter>소스 파일</Filter>
    </ClCompile>
    <ClCompile Include="NaGeCircle3D.cpp">
      <Filter>소스 파일</Filter>
    </ClCompile>
    <ClCompile Include="NaGeCone.cpp">
      <Filter>소스 파일</Filter>
    </ClCompile>
    <ClCompile Include="NaGeConic.cpp">
      <Filter>소스 파일</Filter>
    </ClCompile>
    <ClCompile Include="NaGeCurve.cpp">
      <Filter>소스 파일</Filter>
    </ClCompile>
    <ClCompile Include="NaGeCurve2D.cpp">
      <Filter>소스 파일</Filter>
    </ClCompile>
    <ClCompile Include="NaGeCylinder.cpp">
      <Filter>소스 파일</Filter>
    </ClCompile>
    <ClCompile Include="NaGeEllipse3D.cpp">
      <Filter>소스 파일</Filter>
    </ClCompile>
    <ClCompile Include="NaGeExtrudedSurface.cpp">
      <Filter>소스 파일</Filter>
    </ClCompile>
    <ClCompile Include="NaGeGeometry.cpp">
      <Filter>소스 파일</Filter>
    </ClCompile>
    <ClCompile Include="NaGeGeometry2D.cpp">
      <Filter>소스 파일</Filter>
    </ClCompile>
    <ClCompile Include="NaGeGeomException.cpp">
      <Filter>소스 파일</Filter>
    </ClCompile>
    <ClCompile Include="NaGeHelix.cpp">
      <Filter>소스 파일</Filter>
    </ClCompile>
    <ClCompile Include="NaGeHyperbola3D.cpp">
      <Filter>소스 파일</Filter>
    </ClCompile>
    <ClCompile Include="NaGeLine2D.cpp">
      <Filter>소스 파일</Filter>
    </ClCompile>
    <ClCompile Include="NaGeLine3D.cpp">
      <Filter>소스 파일</Filter>
    </ClCompile>
    <ClCompile Include="NaGeMatrix22.cpp">
      <Filter>소스 파일</Filter>
    </ClCompile>
    <ClCompile Include="NaGeMatrix33.cpp">
      <Filter>소스 파일</Filter>
    </ClCompile>
    <ClCompile Include="NaGeMMath.cpp">
      <Filter>소스 파일</Filter>
    </ClCompile>
    <ClCompile Include="NaGeObjTexture.cpp">
      <Filter>소스 파일</Filter>
    </ClCompile>
    <ClCompile Include="NaGeOffsetCurve.cpp">
      <Filter>소스 파일</Filter>
    </ClCompile>
    <ClCompile Include="NaGeOffsetSurface.cpp">
      <Filter>소스 파일</Filter>
    </ClCompile>
    <ClCompile Include="NaGeOneAxis.cpp">
      <Filter>소스 파일</Filter>
    </ClCompile>
    <ClCompile Include="NaGeOneAxis2D.cpp">
      <Filter>소스 파일</Filter>
    </ClCompile>
    <ClCompile Include="NaGeParabola3D.cpp">
      <Filter>소스 파일</Filter>
    </ClCompile>
    <ClCompile Include="NaGePCurve.cpp">
      <Filter>소스 파일</Filter>
    </ClCompile>
    <ClCompile Include="NaGePipeSurface.cpp">
      <Filter>소스 파일</Filter>
    </ClCompile>
    <ClCompile Include="NaGePlane.cpp">
      <Filter>소스 파일</Filter>
    </ClCompile>
    <ClCompile Include="NaGePoint2D.cpp">
      <Filter>소스 파일</Filter>
    </ClCompile>
    <ClCompile Include="NaGePoint3D.cpp">
      <Filter>소스 파일</Filter>
    </ClCompile>
    <ClCompile Include="NaGeRevolvedSurface.cpp">
      <Filter>소스 파일</Filter>
    </ClCompile>
    <ClCompile Include="NaGeRuledSurface.cpp">
      <Filter>소스 파일</Filter>
    </ClCompile>
    <ClCompile Include="NaGeSphere.cpp">
      <Filter>소스 파일</Filter>
    </ClCompile>
    <ClCompile Include="NaGeSurface.cpp">
      <Filter>소스 파일</Filter>
    </ClCompile>
    <ClCompile Include="NaGeSweptSurface.cpp">
      <Filter>소스 파일</Filter>
    </ClCompile>
    <ClCompile Include="NaGeTorus.cpp">
      <Filter>소스 파일</Filter>
    </ClCompile>
    <ClCompile Include="NaGeTriangle.cpp">
      <Filter>소스 파일</Filter>
    </ClCompile>
    <ClCompile Include="NaGeVector2D.cpp">
      <Filter>소스 파일</Filter>
    </ClCompile>
    <ClCompile Include="NaGeVector3D.cpp">
      <Filter>소스 파일</Filter>
    </ClCompile>
    <ClCompile Include="ListIteratorOfListOfOneAxis.cpp">
      <Filter>소스 파일</Filter>
    </ClCompile>
    <ClCompile Include="ListIteratorOfListOfPoint3D.cpp">
      <Filter>소스 파일</Filter>
    </ClCompile>
    <ClCompile Include="ListIteratorOfListOfTriangle.cpp">
      <Filter>소스 파일</Filter>
    </ClCompile>
    <ClCompile Include="ListNodeOfOneAxis.cpp">
      <Filter>소스 파일</Filter>
    </ClCompile>
    <ClCompile Include="ListNodeOfPoint3D.cpp">
      <Filter>소스 파일</Filter>
    </ClCompile>
    <ClCompile Include="ListNodeOfTriangle.cpp">
      <Filter>소스 파일</Filter>
    </ClCompile>
    <ClCompile Include="ListOfOneAxis.cpp">
      <Filter>소스 파일</Filter>
    </ClCompile>
    <ClCompile Include="ListOfPoint3D.cpp">
      <Filter>소스 파일</Filter>
    </ClCompile>
    <ClCompile Include="ListOfTriangle.cpp">
      <Filter>소스 파일</Filter>
    </ClCompile>
  </ItemGroup>
</Project>